
Microsoft Visual Studio Solution File, Format Version 12.00
# Visual Studio Version 16
VisualStudioVersion = 16.0.34301.259
MinimumVisualStudioVersion = 10.0.40219.1
Project("{FAE04EC0-301F-11D3-BF4B-00C04F79EFBC}") = "ConsoleApp1", "ConsoleApp1\ConsoleApp1.csproj", "{4F311DA8-8D38-4030-88DD-535CC8BE26DD}"
EndProject
Project("{FAE04EC0-301F-11D3-BF4B-00C04F79EFBC}") = "Tobbelem", "Tobbelem\Tobbelem.csproj", "{DA82CEEE-1223-4C0C-86A8-5D4F27C63CDC}"
EndProject
Project("{FAE04EC0-301F-11D3-BF4B-00C04F79EFBC}") = "macskak", "macskak\macskak.csproj", "{93D884F6-7A4C-4B91-8A05-4516133DC0E8}"
EndProject
Project("{FAE04EC0-301F-11D3-BF4B-00C04F79EFBC}") = "valami", "valami\valami.csproj", "{5AAC5ACB-A62D-4AE4-B220-D228FE4304F3}"
EndProject
Project("{FAE04EC0-301F-11D3-BF4B-00C04F79EFBC}") = "shortform", "shortform\shortform.csproj", "{4D61682C-51AF-41AD-BB63-D9B39FFECE10}"
EndProject
Project("{FAE04EC0-301F-11D3-BF4B-00C04F79EFBC}") = "if", "if\if.csproj", "{15B45FAC-AF3F-4C1F-8FD6-46AC75F43842}"
EndProject
Project("{FAE04EC0-301F-11D3-BF4B-00C04F79EFBC}") = "korhasab", "korhasab\korhasab.csproj", "{19275BFB-C15A-4422-82C3-EF9EC173FF39}"
EndProject
Global
	GlobalSection(SolutionConfigurationPlatforms) = preSolution
		Debug|Any CPU = Debug|Any CPU
		Release|Any CPU = Release|Any CPU
	EndGlobalSection
	GlobalSection(ProjectConfigurationPlatforms) = postSolution
		{4F311DA8-8D38-4030-88DD-535CC8BE26DD}.Debug|Any CPU.ActiveCfg = Debug|Any CPU
		{4F311DA8-8D38-4030-88DD-535CC8BE26DD}.Debug|Any CPU.Build.0 = Debug|Any CPU
		{4F311DA8-8D38-4030-88DD-535CC8BE26DD}.Release|Any CPU.ActiveCfg = Release|Any CPU
		{4F311DA8-8D38-4030-88DD-535CC8BE26DD}.Release|Any CPU.Build.0 = Release|Any CPU
		{DA82CEEE-1223-4C0C-86A8-5D4F27C63CDC}.Debug|Any CPU.ActiveCfg = Debug|Any CPU
		{DA82CEEE-1223-4C0C-86A8-5D4F27C63CDC}.Debug|Any CPU.Build.0 = Debug|Any CPU
		{DA82CEEE-1223-4C0C-86A8-5D4F27C63CDC}.Release|Any CPU.ActiveCfg = Release|Any CPU
		{DA82CEEE-1223-4C0C-86A8-5D4F27C63CDC}.Release|Any CPU.Build.0 = Release|Any CPU
		{93D884F6-7A4C-4B91-8A05-4516133DC0E8}.Debug|Any CPU.ActiveCfg = Debug|Any CPU
		{93D884F6-7A4C-4B91-8A05-4516133DC0E8}.Debug|Any CPU.Build.0 = Debug|Any CPU
		{93D884F6-7A4C-4B91-8A05-4516133DC0E8}.Release|Any CPU.ActiveCfg = Release|Any CPU
		{93D884F6-7A4C-4B91-8A05-4516133DC0E8}.Release|Any CPU.Build.0 = Release|Any CPU
		{5AAC5ACB-A62D-4AE4-B220-D228FE4304F3}.Debug|Any CPU.ActiveCfg = Debug|Any CPU
		{5AAC5ACB-A62D-4AE4-B220-D228FE4304F3}.Debug|Any CPU.Build.0 = Debug|Any CPU
		{5AAC5ACB-A62D-4AE4-B220-D228FE4304F3}.Release|Any CPU.ActiveCfg = Release|Any CPU
		{5AAC5ACB-A62D-4AE4-B220-D228FE4304F3}.Release|Any CPU.Build.0 = Release|Any CPU
		{4D61682C-51AF-41AD-BB63-D9B39FFECE10}.Debug|Any CPU.ActiveCfg = Debug|Any CPU
		{4D61682C-51AF-41AD-BB63-D9B39FFECE10}.Debug|Any CPU.Build.0 = Debug|Any CPU
		{4D61682C-51AF-41AD-BB63-D9B39FFECE10}.Release|Any CPU.ActiveCfg = Release|Any CPU
		{4D61682C-51AF-41AD-BB63-D9B39FFECE10}.Release|Any CPU.Build.0 = Release|Any CPU
		{15B45FAC-AF3F-4C1F-8FD6-46AC75F43842}.Debug|Any CPU.ActiveCfg = Debug|Any CPU
		{15B45FAC-AF3F-4C1F-8FD6-46AC75F43842}.Debug|Any CPU.Build.0 = Debug|Any CPU
		{15B45FAC-AF3F-4C1F-8FD6-46AC75F43842}.Release|Any CPU.ActiveCfg = Release|Any CPU
		{15B45FAC-AF3F-4C1F-8FD6-46AC75F43842}.Release|Any CPU.Build.0 = Release|Any CPU
		{19275BFB-C15A-4422-82C3-EF9EC173FF39}.Debug|Any CPU.ActiveCfg = Debug|Any CPU
		{19275BFB-C15A-4422-82C3-EF9EC173FF39}.Debug|Any CPU.Build.0 = Debug|Any CPU
		{19275BFB-C15A-4422-82C3-EF9EC173FF39}.Release|Any CPU.ActiveCfg = Release|Any CPU
		{19275BFB-C15A-4422-82C3-EF9EC173FF39}.Release|Any CPU.Build.0 = Release|Any CPU
	EndGlobalSection
	GlobalSection(SolutionProperties) = preSolution
		HideSolutionNode = FALSE
	EndGlobalSection
	GlobalSection(ExtensibilityGlobals) = postSolution
		SolutionGuid = {E2E3822C-2EE3-4D20-B0BB-DE8FBCE23DD0}
	EndGlobalSection
EndGlobal
